// !$*UTF8*$!
{
	archiveVersion = 1;
	classes = {
	};
	objectVersion = 50;
	objects = {

/* Begin PBXBuildFile section */
		370B9D6724CD813200B084AF /* GeocoderHelper.swift in Sources */ = {isa = PBXBuildFile; fileRef = 370B9D6624CD813200B084AF /* GeocoderHelper.swift */; };
		370B9D6924CD860500B084AF /* CityCell.swift in Sources */ = {isa = PBXBuildFile; fileRef = 370B9D6824CD860500B084AF /* CityCell.swift */; };
		370B9D6B24CD866800B084AF /* Constants.swift in Sources */ = {isa = PBXBuildFile; fileRef = 370B9D6A24CD866800B084AF /* Constants.swift */; };
		3748AB1A24CD8E0B003B0C7B /* CoreDataManager.swift in Sources */ = {isa = PBXBuildFile; fileRef = 3748AB1924CD8E0B003B0C7B /* CoreDataManager.swift */; };
		3748AB1E24CDDEC5003B0C7B /* ImageWithoutRender.swift in Sources */ = {isa = PBXBuildFile; fileRef = 3748AB1D24CDDEC5003B0C7B /* ImageWithoutRender.swift */; };
		37541A9C24D14FEB00933E52 /* SettingsTVC.swift in Sources */ = {isa = PBXBuildFile; fileRef = 37541A9B24D14FEB00933E52 /* SettingsTVC.swift */; };
		37541A9E24D1506400933E52 /* Unit.swift in Sources */ = {isa = PBXBuildFile; fileRef = 37541A9D24D1506400933E52 /* Unit.swift */; };
		37541AA024D152CA00933E52 /* UnitHelper.swift in Sources */ = {isa = PBXBuildFile; fileRef = 37541A9F24D152CA00933E52 /* UnitHelper.swift */; };
		379D590124D9E1E1008DC299 /* Weather_my.xcdatamodeld in Sources */ = {isa = PBXBuildFile; fileRef = 379D58FF24D9E1E1008DC299 /* Weather_my.xcdatamodeld */; };
		37A5F78224CD801B001B02D3 /* AppDelegate.swift in Sources */ = {isa = PBXBuildFile; fileRef = 37A5F78124CD801B001B02D3 /* AppDelegate.swift */; };
		37A5F78424CD801B001B02D3 /* SceneDelegate.swift in Sources */ = {isa = PBXBuildFile; fileRef = 37A5F78324CD801B001B02D3 /* SceneDelegate.swift */; };
		37A5F78624CD801B001B02D3 /* ListVC.swift in Sources */ = {isa = PBXBuildFile; fileRef = 37A5F78524CD801B001B02D3 /* ListVC.swift */; };
		37A5F78924CD801B001B02D3 /* Main.storyboard in Resources */ = {isa = PBXBuildFile; fileRef = 37A5F78724CD801B001B02D3 /* Main.storyboard */; };
		37A5F78E24CD801C001B02D3 /* Assets.xcassets in Resources */ = {isa = PBXBuildFile; fileRef = 37A5F78D24CD801C001B02D3 /* Assets.xcassets */; };
		37A5F79124CD801C001B02D3 /* LaunchScreen.storyboard in Resources */ = {isa = PBXBuildFile; fileRef = 37A5F78F24CD801C001B02D3 /* LaunchScreen.storyboard */; };
		37BB13EC24D6D8D500577A7C /* LocationVC.swift in Sources */ = {isa = PBXBuildFile; fileRef = 37BB13EB24D6D8D500577A7C /* LocationVC.swift */; };
		37BB13EE24D6DBB500577A7C /* RequestManager.swift in Sources */ = {isa = PBXBuildFile; fileRef = 37BB13ED24D6DBB500577A7C /* RequestManager.swift */; };
		37BB13F024D6DD9F00577A7C /* CityImageObject.swift in Sources */ = {isa = PBXBuildFile; fileRef = 37BB13EF24D6DD9F00577A7C /* CityImageObject.swift */; };
		37BB13F224D6FAAB00577A7C /* String+Ext.swift in Sources */ = {isa = PBXBuildFile; fileRef = 37BB13F124D6FAAB00577A7C /* String+Ext.swift */; };
		37BB13F424D9C7EA00577A7C /* Weather.swift in Sources */ = {isa = PBXBuildFile; fileRef = 37BB13F324D9C7EA00577A7C /* Weather.swift */; };
		37BB13F624D9CE2400577A7C /* Int+Ext.swift in Sources */ = {isa = PBXBuildFile; fileRef = 37BB13F524D9CE2400577A7C /* Int+Ext.swift */; };
		37BB13F824D9D82D00577A7C /* RecommendationGenerator.swift in Sources */ = {isa = PBXBuildFile; fileRef = 37BB13F724D9D82D00577A7C /* RecommendationGenerator.swift */; };
		37ED8BF124D01C75008BC694 /* CityLocation.swift in Sources */ = {isa = PBXBuildFile; fileRef = 37ED8BF024D01C75008BC694 /* CityLocation.swift */; };
/* End PBXBuildFile section */

/* Begin PBXFileReference section */
		370B9D6624CD813200B084AF /* GeocoderHelper.swift */ = {isa = PBXFileReference; lastKnownFileType = sourcecode.swift; path = GeocoderHelper.swift; sourceTree = "<group>"; };
		370B9D6824CD860500B084AF /* CityCell.swift */ = {isa = PBXFileReference; lastKnownFileType = sourcecode.swift; path = CityCell.swift; sourceTree = "<group>"; };
		370B9D6A24CD866800B084AF /* Constants.swift */ = {isa = PBXFileReference; lastKnownFileType = sourcecode.swift; path = Constants.swift; sourceTree = "<group>"; };
		3748AB1924CD8E0B003B0C7B /* CoreDataManager.swift */ = {isa = PBXFileReference; lastKnownFileType = sourcecode.swift; path = CoreDataManager.swift; sourceTree = "<group>"; };
		3748AB1D24CDDEC5003B0C7B /* ImageWithoutRender.swift */ = {isa = PBXFileReference; lastKnownFileType = sourcecode.swift; path = ImageWithoutRender.swift; sourceTree = "<group>"; };
		37541A9B24D14FEB00933E52 /* SettingsTVC.swift */ = {isa = PBXFileReference; lastKnownFileType = sourcecode.swift; path = SettingsTVC.swift; sourceTree = "<group>"; };
		37541A9D24D1506400933E52 /* Unit.swift */ = {isa = PBXFileReference; lastKnownFileType = sourcecode.swift; path = Unit.swift; sourceTree = "<group>"; };
		37541A9F24D152CA00933E52 /* UnitHelper.swift */ = {isa = PBXFileReference; lastKnownFileType = sourcecode.swift; path = UnitHelper.swift; sourceTree = "<group>"; };
		379D590024D9E1E1008DC299 /* Weather_my.xcdatamodel */ = {isa = PBXFileReference; lastKnownFileType = wrapper.xcdatamodel; path = Weather_my.xcdatamodel; sourceTree = "<group>"; };
		37A5F77E24CD801B001B02D3 /* Weather.my.app */ = {isa = PBXFileReference; explicitFileType = wrapper.application; includeInIndex = 0; path = Weather.my.app; sourceTree = BUILT_PRODUCTS_DIR; };
		37A5F78124CD801B001B02D3 /* AppDelegate.swift */ = {isa = PBXFileReference; lastKnownFileType = sourcecode.swift; path = AppDelegate.swift; sourceTree = "<group>"; };
		37A5F78324CD801B001B02D3 /* SceneDelegate.swift */ = {isa = PBXFileReference; lastKnownFileType = sourcecode.swift; path = SceneDelegate.swift; sourceTree = "<group>"; };
		37A5F78524CD801B001B02D3 /* ListVC.swift */ = {isa = PBXFileReference; lastKnownFileType = sourcecode.swift; path = ListVC.swift; sourceTree = "<group>"; };
		37A5F78824CD801B001B02D3 /* Base */ = {isa = PBXFileReference; lastKnownFileType = file.storyboard; name = Base; path = Base.lproj/Main.storyboard; sourceTree = "<group>"; };
		37A5F78D24CD801C001B02D3 /* Assets.xcassets */ = {isa = PBXFileReference; lastKnownFileType = folder.assetcatalog; path = Assets.xcassets; sourceTree = "<group>"; };
		37A5F79024CD801C001B02D3 /* Base */ = {isa = PBXFileReference; lastKnownFileType = file.storyboard; name = Base; path = Base.lproj/LaunchScreen.storyboard; sourceTree = "<group>"; };
		37A5F79224CD801C001B02D3 /* Info.plist */ = {isa = PBXFileReference; lastKnownFileType = text.plist.xml; path = Info.plist; sourceTree = "<group>"; };
		37BB13EB24D6D8D500577A7C /* LocationVC.swift */ = {isa = PBXFileReference; lastKnownFileType = sourcecode.swift; path = LocationVC.swift; sourceTree = "<group>"; };
		37BB13ED24D6DBB500577A7C /* RequestManager.swift */ = {isa = PBXFileReference; lastKnownFileType = sourcecode.swift; path = RequestManager.swift; sourceTree = "<group>"; };
		37BB13EF24D6DD9F00577A7C /* CityImageObject.swift */ = {isa = PBXFileReference; lastKnownFileType = sourcecode.swift; path = CityImageObject.swift; sourceTree = "<group>"; };
		37BB13F124D6FAAB00577A7C /* String+Ext.swift */ = {isa = PBXFileReference; lastKnownFileType = sourcecode.swift; path = "String+Ext.swift"; sourceTree = "<group>"; };
		37BB13F324D9C7EA00577A7C /* Weather.swift */ = {isa = PBXFileReference; lastKnownFileType = sourcecode.swift; path = Weather.swift; sourceTree = "<group>"; };
		37BB13F524D9CE2400577A7C /* Int+Ext.swift */ = {isa = PBXFileReference; lastKnownFileType = sourcecode.swift; path = "Int+Ext.swift"; sourceTree = "<group>"; };
		37BB13F724D9D82D00577A7C /* RecommendationGenerator.swift */ = {isa = PBXFileReference; lastKnownFileType = sourcecode.swift; path = RecommendationGenerator.swift; sourceTree = "<group>"; };
		37ED8BF024D01C75008BC694 /* CityLocation.swift */ = {isa = PBXFileReference; lastKnownFileType = sourcecode.swift; path = CityLocation.swift; sourceTree = "<group>"; };
/* End PBXFileReference section */

/* Begin PBXFrameworksBuildPhase section */
		37A5F77B24CD801B001B02D3 /* Frameworks */ = {
			isa = PBXFrameworksBuildPhase;
			buildActionMask = 2147483647;
			files = (
			);
			runOnlyForDeploymentPostprocessing = 0;
		};
/* End PBXFrameworksBuildPhase section */

/* Begin PBXGroup section */
		37A5F77524CD801B001B02D3 = {
			isa = PBXGroup;
			children = (
				37A5F78024CD801B001B02D3 /* Weather.my */,
				37A5F77F24CD801B001B02D3 /* Products */,
			);
			sourceTree = "<group>";
		};
		37A5F77F24CD801B001B02D3 /* Products */ = {
			isa = PBXGroup;
			children = (
				37A5F77E24CD801B001B02D3 /* Weather.my.app */,
			);
			name = Products;
			sourceTree = "<group>";
		};
		37A5F78024CD801B001B02D3 /* Weather.my */ = {
			isa = PBXGroup;
			children = (
				37FFD4C624CD80BE006E19BF /* Extensions */,
				37FFD4C524CD80B7006E19BF /* AppDelegate */,
				37FFD4C424CD80B3006E19BF /* Model */,
				37FFD4C324CD80AF006E19BF /* View */,
				37FFD4C224CD80A8006E19BF /* Controller */,
				37FFD4C124CD80A0006E19BF /* Storyboards */,
				37FFD4C024CD8092006E19BF /* Resources */,
				37FFD4BF24CD8084006E19BF /* Supporting Files */,
				37A5F79224CD801C001B02D3 /* Info.plist */,
			);
			path = Weather.my;
			sourceTree = "<group>";
		};
		37FFD4BF24CD8084006E19BF /* Supporting Files */ = {
			isa = PBXGroup;
			children = (
				370B9D6624CD813200B084AF /* GeocoderHelper.swift */,
				370B9D6A24CD866800B084AF /* Constants.swift */,
				3748AB1924CD8E0B003B0C7B /* CoreDataManager.swift */,
				3748AB1D24CDDEC5003B0C7B /* ImageWithoutRender.swift */,
				37541A9F24D152CA00933E52 /* UnitHelper.swift */,
				37BB13ED24D6DBB500577A7C /* RequestManager.swift */,
				37BB13F724D9D82D00577A7C /* RecommendationGenerator.swift */,
			);
			path = "Supporting Files";
			sourceTree = "<group>";
		};
		37FFD4C024CD8092006E19BF /* Resources */ = {
			isa = PBXGroup;
			children = (
				37A5F78D24CD801C001B02D3 /* Assets.xcassets */,
			);
			path = Resources;
			sourceTree = "<group>";
		};
		37FFD4C124CD80A0006E19BF /* Storyboards */ = {
			isa = PBXGroup;
			children = (
				37A5F78724CD801B001B02D3 /* Main.storyboard */,
				37A5F78F24CD801C001B02D3 /* LaunchScreen.storyboard */,
			);
			path = Storyboards;
			sourceTree = "<group>";
		};
		37FFD4C224CD80A8006E19BF /* Controller */ = {
			isa = PBXGroup;
			children = (
				37A5F78524CD801B001B02D3 /* ListVC.swift */,
				37541A9B24D14FEB00933E52 /* SettingsTVC.swift */,
				37BB13EB24D6D8D500577A7C /* LocationVC.swift */,
			);
			path = Controller;
			sourceTree = "<group>";
		};
		37FFD4C324CD80AF006E19BF /* View */ = {
			isa = PBXGroup;
			children = (
				370B9D6824CD860500B084AF /* CityCell.swift */,
			);
			path = View;
			sourceTree = "<group>";
		};
		37FFD4C424CD80B3006E19BF /* Model */ = {
			isa = PBXGroup;
			children = (
				37ED8BF024D01C75008BC694 /* CityLocation.swift */,
				37541A9D24D1506400933E52 /* Unit.swift */,
				37BB13EF24D6DD9F00577A7C /* CityImageObject.swift */,
				37BB13F324D9C7EA00577A7C /* Weather.swift */,
				379D58FF24D9E1E1008DC299 /* Weather_my.xcdatamodeld */,
			);
			path = Model;
			sourceTree = "<group>";
		};
		37FFD4C524CD80B7006E19BF /* AppDelegate */ = {
			isa = PBXGroup;
			children = (
				37A5F78124CD801B001B02D3 /* AppDelegate.swift */,
				37A5F78324CD801B001B02D3 /* SceneDelegate.swift */,
			);
			path = AppDelegate;
			sourceTree = "<group>";
		};
		37FFD4C624CD80BE006E19BF /* Extensions */ = {
			isa = PBXGroup;
			children = (
				37BB13F124D6FAAB00577A7C /* String+Ext.swift */,
				37BB13F524D9CE2400577A7C /* Int+Ext.swift */,
			);
			path = Extensions;
			sourceTree = "<group>";
		};
/* End PBXGroup section */

/* Begin PBXNativeTarget section */
		37A5F77D24CD801B001B02D3 /* Weather.my */ = {
			isa = PBXNativeTarget;
			buildConfigurationList = 37A5F79524CD801C001B02D3 /* Build configuration list for PBXNativeTarget "Weather.my" */;
			buildPhases = (
				37A5F77A24CD801B001B02D3 /* Sources */,
				37A5F77B24CD801B001B02D3 /* Frameworks */,
				37A5F77C24CD801B001B02D3 /* Resources */,
			);
			buildRules = (
			);
			dependencies = (
			);
			name = Weather.my;
			productName = Weather.my;
			productReference = 37A5F77E24CD801B001B02D3 /* Weather.my.app */;
			productType = "com.apple.product-type.application";
		};
/* End PBXNativeTarget section */

/* Begin PBXProject section */
		37A5F77624CD801B001B02D3 /* Project object */ = {
			isa = PBXProject;
			attributes = {
				LastSwiftUpdateCheck = 1160;
				LastUpgradeCheck = 1160;
				ORGANIZATIONNAME = "Денис Андриевский";
				TargetAttributes = {
					37A5F77D24CD801B001B02D3 = {
						CreatedOnToolsVersion = 11.6;
					};
				};
			};
			buildConfigurationList = 37A5F77924CD801B001B02D3 /* Build configuration list for PBXProject "Weather.my" */;
			compatibilityVersion = "Xcode 9.3";
			developmentRegion = en;
			hasScannedForEncodings = 0;
			knownRegions = (
				en,
				Base,
			);
			mainGroup = 37A5F77524CD801B001B02D3;
			productRefGroup = 37A5F77F24CD801B001B02D3 /* Products */;
			projectDirPath = "";
			projectRoot = "";
			targets = (
				37A5F77D24CD801B001B02D3 /* Weather.my */,
			);
		};
/* End PBXProject section */

/* Begin PBXResourcesBuildPhase section */
		37A5F77C24CD801B001B02D3 /* Resources */ = {
			isa = PBXResourcesBuildPhase;
			buildActionMask = 2147483647;
			files = (
				37A5F79124CD801C001B02D3 /* LaunchScreen.storyboard in Resources */,
				37A5F78E24CD801C001B02D3 /* Assets.xcassets in Resources */,
				37A5F78924CD801B001B02D3 /* Main.storyboard in Resources */,
			);
			runOnlyForDeploymentPostprocessing = 0;
		};
/* End PBXResourcesBuildPhase section */

/* Begin PBXSourcesBuildPhase section */
		37A5F77A24CD801B001B02D3 /* Sources */ = {
			isa = PBXSourcesBuildPhase;
			buildActionMask = 2147483647;
			files = (
				379D590124D9E1E1008DC299 /* Weather_my.xcdatamodeld in Sources */,
				37BB13EE24D6DBB500577A7C /* RequestManager.swift in Sources */,
				37A5F78624CD801B001B02D3 /* ListVC.swift in Sources */,
				37BB13F224D6FAAB00577A7C /* String+Ext.swift in Sources */,
				37BB13F424D9C7EA00577A7C /* Weather.swift in Sources */,
				37BB13F024D6DD9F00577A7C /* CityImageObject.swift in Sources */,
				37541AA024D152CA00933E52 /* UnitHelper.swift in Sources */,
				370B9D6924CD860500B084AF /* CityCell.swift in Sources */,
				37A5F78224CD801B001B02D3 /* AppDelegate.swift in Sources */,
				370B9D6B24CD866800B084AF /* Constants.swift in Sources */,
				37541A9C24D14FEB00933E52 /* SettingsTVC.swift in Sources */,
				37BB13EC24D6D8D500577A7C /* LocationVC.swift in Sources */,
				37A5F78424CD801B001B02D3 /* SceneDelegate.swift in Sources */,
				3748AB1E24CDDEC5003B0C7B /* ImageWithoutRender.swift in Sources */,
				3748AB1A24CD8E0B003B0C7B /* CoreDataManager.swift in Sources */,
				37541A9E24D1506400933E52 /* Unit.swift in Sources */,
				37BB13F824D9D82D00577A7C /* RecommendationGenerator.swift in Sources */,
				37BB13F624D9CE2400577A7C /* Int+Ext.swift in Sources */,
				370B9D6724CD813200B084AF /* GeocoderHelper.swift in Sources */,
				37ED8BF124D01C75008BC694 /* CityLocation.swift in Sources */,
			);
			runOnlyForDeploymentPostprocessing = 0;
		};
/* End PBXSourcesBuildPhase section */

/* Begin PBXVariantGroup section */
		37A5F78724CD801B001B02D3 /* Main.storyboard */ = {
			isa = PBXVariantGroup;
			children = (
				37A5F78824CD801B001B02D3 /* Base */,
			);
			name = Main.storyboard;
			sourceTree = "<group>";
		};
		37A5F78F24CD801C001B02D3 /* LaunchScreen.storyboard */ = {
			isa = PBXVariantGroup;
			children = (
				37A5F79024CD801C001B02D3 /* Base */,
			);
			name = LaunchScreen.storyboard;
			sourceTree = "<group>";
		};
/* End PBXVariantGroup section */

/* Begin XCBuildConfiguration section */
		37A5F79324CD801C001B02D3 /* Debug */ = {
			isa = XCBuildConfiguration;
			buildSettings = {
				ALWAYS_SEARCH_USER_PATHS = NO;
				CLANG_ANALYZER_NONNULL = YES;
				CLANG_ANALYZER_NUMBER_OBJECT_CONVERSION = YES_AGGRESSIVE;
				CLANG_CXX_LANGUAGE_STANDARD = "gnu++14";
				CLANG_CXX_LIBRARY = "libc++";
				CLANG_ENABLE_MODULES = YES;
				CLANG_ENABLE_OBJC_ARC = YES;
				CLANG_ENABLE_OBJC_WEAK = YES;
				CLANG_WARN_BLOCK_CAPTURE_AUTORELEASING = YES;
				CLANG_WARN_BOOL_CONVERSION = YES;
				CLANG_WARN_COMMA = YES;
				CLANG_WARN_CONSTANT_CONVERSION = YES;
				CLANG_WARN_DEPRECATED_OBJC_IMPLEMENTATIONS = YES;
				CLANG_WARN_DIRECT_OBJC_ISA_USAGE = YES_ERROR;
				CLANG_WARN_DOCUMENTATION_COMMENTS = YES;
				CLANG_WARN_EMPTY_BODY = YES;
				CLANG_WARN_ENUM_CONVERSION = YES;
				CLANG_WARN_INFINITE_RECURSION = YES;
				CLANG_WARN_INT_CONVERSION = YES;
				CLANG_WARN_NON_LITERAL_NULL_CONVERSION = YES;
				CLANG_WARN_OBJC_IMPLICIT_RETAIN_SELF = YES;
				CLANG_WARN_OBJC_LITERAL_CONVERSION = YES;
				CLANG_WARN_OBJC_ROOT_CLASS = YES_ERROR;
				CLANG_WARN_RANGE_LOOP_ANALYSIS = YES;
				CLANG_WARN_STRICT_PROTOTYPES = YES;
				CLANG_WARN_SUSPICIOUS_MOVE = YES;
				CLANG_WARN_UNGUARDED_AVAILABILITY = YES_AGGRESSIVE;
				CLANG_WARN_UNREACHABLE_CODE = YES;
				CLANG_WARN__DUPLICATE_METHOD_MATCH = YES;
				COPY_PHASE_STRIP = NO;
				DEBUG_INFORMATION_FORMAT = dwarf;
				ENABLE_STRICT_OBJC_MSGSEND = YES;
				ENABLE_TESTABILITY = YES;
				GCC_C_LANGUAGE_STANDARD = gnu11;
				GCC_DYNAMIC_NO_PIC = NO;
				GCC_NO_COMMON_BLOCKS = YES;
				GCC_OPTIMIZATION_LEVEL = 0;
				GCC_PREPROCESSOR_DEFINITIONS = (
					"DEBUG=1",
					"$(inherited)",
				);
				GCC_WARN_64_TO_32_BIT_CONVERSION = YES;
				GCC_WARN_ABOUT_RETURN_TYPE = YES_ERROR;
				GCC_WARN_UNDECLARED_SELECTOR = YES;
				GCC_WARN_UNINITIALIZED_AUTOS = YES_AGGRESSIVE;
				GCC_WARN_UNUSED_FUNCTION = YES;
				GCC_WARN_UNUSED_VARIABLE = YES;
				IPHONEOS_DEPLOYMENT_TARGET = 13.6;
				MTL_ENABLE_DEBUG_INFO = INCLUDE_SOURCE;
				MTL_FAST_MATH = YES;
				ONLY_ACTIVE_ARCH = YES;
				SDKROOT = iphoneos;
				SWIFT_ACTIVE_COMPILATION_CONDITIONS = DEBUG;
				SWIFT_OPTIMIZATION_LEVEL = "-Onone";
			};
			name = Debug;
		};
		37A5F79424CD801C001B02D3 /* Release */ = {
			isa = XCBuildConfiguration;
			buildSettings = {
				ALWAYS_SEARCH_USER_PATHS = NO;
				CLANG_ANALYZER_NONNULL = YES;
				CLANG_ANALYZER_NUMBER_OBJECT_CONVERSION = YES_AGGRESSIVE;
				CLANG_CXX_LANGUAGE_STANDARD = "gnu++14";
				CLANG_CXX_LIBRARY = "libc++";
				CLANG_ENABLE_MODULES = YES;
				CLANG_ENABLE_OBJC_ARC = YES;
				CLANG_ENABLE_OBJC_WEAK = YES;
				CLANG_WARN_BLOCK_CAPTURE_AUTORELEASING = YES;
				CLANG_WARN_BOOL_CONVERSION = YES;
				CLANG_WARN_COMMA = YES;
				CLANG_WARN_CONSTANT_CONVERSION = YES;
				CLANG_WARN_DEPRECATED_OBJC_IMPLEMENTATIONS = YES;
				CLANG_WARN_DIRECT_OBJC_ISA_USAGE = YES_ERROR;
				CLANG_WARN_DOCUMENTATION_COMMENTS = YES;
				CLANG_WARN_EMPTY_BODY = YES;
				CLANG_WARN_ENUM_CONVERSION = YES;
				CLANG_WARN_INFINITE_RECURSION = YES;
				CLANG_WARN_INT_CONVERSION = YES;
				CLANG_WARN_NON_LITERAL_NULL_CONVERSION = YES;
				CLANG_WARN_OBJC_IMPLICIT_RETAIN_SELF = YES;
				CLANG_WARN_OBJC_LITERAL_CONVERSION = YES;
				CLANG_WARN_OBJC_ROOT_CLASS = YES_ERROR;
				CLANG_WARN_RANGE_LOOP_ANALYSIS = YES;
				CLANG_WARN_STRICT_PROTOTYPES = YES;
				CLANG_WARN_SUSPICIOUS_MOVE = YES;
				CLANG_WARN_UNGUARDED_AVAILABILITY = YES_AGGRESSIVE;
				CLANG_WARN_UNREACHABLE_CODE = YES;
				CLANG_WARN__DUPLICATE_METHOD_MATCH = YES;
				COPY_PHASE_STRIP = NO;
				DEBUG_INFORMATION_FORMAT = "dwarf-with-dsym";
				ENABLE_NS_ASSERTIONS = NO;
				ENABLE_STRICT_OBJC_MSGSEND = YES;
				GCC_C_LANGUAGE_STANDARD = gnu11;
				GCC_NO_COMMON_BLOCKS = YES;
				GCC_WARN_64_TO_32_BIT_CONVERSION = YES;
				GCC_WARN_ABOUT_RETURN_TYPE = YES_ERROR;
				GCC_WARN_UNDECLARED_SELECTOR = YES;
				GCC_WARN_UNINITIALIZED_AUTOS = YES_AGGRESSIVE;
				GCC_WARN_UNUSED_FUNCTION = YES;
				GCC_WARN_UNUSED_VARIABLE = YES;
				IPHONEOS_DEPLOYMENT_TARGET = 13.6;
				MTL_ENABLE_DEBUG_INFO = NO;
				MTL_FAST_MATH = YES;
				SDKROOT = iphoneos;
				SWIFT_COMPILATION_MODE = wholemodule;
				SWIFT_OPTIMIZATION_LEVEL = "-O";
				VALIDATE_PRODUCT = YES;
			};
			name = Release;
		};
		37A5F79624CD801C001B02D3 /* Debug */ = {
			isa = XCBuildConfiguration;
			buildSettings = {
				ASSETCATALOG_COMPILER_APPICON_NAME = AppIcon;
				CODE_SIGN_STYLE = Automatic;
				DEVELOPMENT_TEAM = 452BPWXS55;
				INFOPLIST_FILE = Weather.my/Info.plist;
				IPHONEOS_DEPLOYMENT_TARGET = 13.0;
				LD_RUNPATH_SEARCH_PATHS = (
					"$(inherited)",
					"@executable_path/Frameworks",
				);
				PRODUCT_BUNDLE_IDENTIFIER = "com.den444ick.Weather-my";
				PRODUCT_NAME = "$(TARGET_NAME)";
				SWIFT_VERSION = 5.0;
				TARGETED_DEVICE_FAMILY = 1;
			};
			name = Debug;
		};
		37A5F79724CD801C001B02D3 /* Release */ = {
			isa = XCBuildConfiguration;
			buildSettings = {
				ASSETCATALOG_COMPILER_APPICON_NAME = AppIcon;
				CODE_SIGN_STYLE = Automatic;
				DEVELOPMENT_TEAM = 452BPWXS55;
				INFOPLIST_FILE = Weather.my/Info.plist;
				IPHONEOS_DEPLOYMENT_TARGET = 13.0;
				LD_RUNPATH_SEARCH_PATHS = (
					"$(inherited)",
					"@executable_path/Frameworks",
				);
				PRODUCT_BUNDLE_IDENTIFIER = "com.den444ick.Weather-my";
				PRODUCT_NAME = "$(TARGET_NAME)";
				SWIFT_VERSION = 5.0;
				TARGETED_DEVICE_FAMILY = 1;
			};
			name = Release;
		};
/* End XCBuildConfiguration section */

/* Begin XCConfigurationList section */
		37A5F77924CD801B001B02D3 /* Build configuration list for PBXProject "Weather.my" */ = {
			isa = XCConfigurationList;
			buildConfigurations = (
				37A5F79324CD801C001B02D3 /* Debug */,
				37A5F79424CD801C001B02D3 /* Release */,
			);
			defaultConfigurationIsVisible = 0;
			defaultConfigurationName = Release;
		};
		37A5F79524CD801C001B02D3 /* Build configuration list for PBXNativeTarget "Weather.my" */ = {
			isa = XCConfigurationList;
			buildConfigurations = (
				37A5F79624CD801C001B02D3 /* Debug */,
				37A5F79724CD801C001B02D3 /* Release */,
			);
			defaultConfigurationIsVisible = 0;
			defaultConfigurationName = Release;
		};
/* End XCConfigurationList section */

/* Begin XCVersionGroup section */
		379D58FF24D9E1E1008DC299 /* Weather_my.xcdatamodeld */ = {
			isa = XCVersionGroup;
			children = (
				379D590024D9E1E1008DC299 /* Weather_my.xcdatamodel */,
			);
			currentVersion = 379D590024D9E1E1008DC299 /* Weather_my.xcdatamodel */;
			path = Weather_my.xcdatamodeld;
			sourceTree = "<group>";
			versionGroupType = wrapper.xcdatamodel;
		};
/* End XCVersionGroup section */
	};
	rootObject = 37A5F77624CD801B001B02D3 /* Project object */;
}
